dependencies:
- name: openzaak
  repository: https://maykinmedia.github.io/charts/
  version: 1.5.3
- name: gpp-app
  repository: https://GPP-Woo.github.io/charts
  version: 0.1.0
- name: gpp-publicatiebank
  repository: https://GPP-Woo.github.io/charts
  version: 1.0.0
- name: gpp-burgerportaal
  repository: https://GPP-Woo.github.io/charts
  version: 0.1.0
- name: eck-operator
  repository: https://helm.elastic.co
  version: 2.9.0
- name: eck-stack
  repository: https://helm.elastic.co
  version: 0.14.1
digest: sha256:55afe5db4bf938ff0667c98de5fffd1b511d060bf799489704b17c0814f26e1b
generated: "2025-02-03T15:12:06.5445423+01:00"
