dependencies:
- name: openzaak
  repository: https://maykinmedia.github.io/charts/
  version: 1.5.2
- name: gpp-app
  repository: https://GPP-Woo.github.io/charts
  version: 0.1.0
- name: gpp-publicatiebank
  repository: https://GPP-Woo.github.io/charts
  version: 1.0.0
- name: gpp-burgerportaal
  repository: https://GPP-Woo.github.io/charts
  version: 0.1.0
digest: sha256:7e6c1e33215ccde5b241d9504a415850e6a49974bda7525c723482397bf34849
generated: "2024-12-17T14:33:13.461463808+01:00"
