dependencies:
- name: openzaak
  repository: https://maykinmedia.github.io/charts/
  version: 1.5.3
- name: gpp-app
  repository: https://GPP-Woo.github.io/charts
  version: 0.1.0
- name: gpp-publicatiebank
  repository: https://GPP-Woo.github.io/charts
  version: 1.0.0
- name: gpp-burgerportaal
  repository: file://../GPP-burgerportaal
  version: 0.2.0
- name: eck-operator
  repository: https://helm.elastic.co
  version: 2.9.0
- name: eck-elasticsearch
  repository: https://helm.elastic.co
  version: 0.14.1
digest: sha256:58a19496634b8368126c1c1a0cb6b8517bcd5094f4051d558b27bc4259c7a023
generated: "2025-02-05T09:26:22.904546+01:00"
